// !$*UTF8*$!
{
	archiveVersion = 1;
	classes = {
	};
	objectVersion = 50;
	objects = {

/* Begin PBXBuildFile section */
		EA84F24620C285BC0095C73C /* AppDelegate.swift in Sources */ = {isa = PBXBuildFile; fileRef = EA84F24520C285BC0095C73C /* AppDelegate.swift */; };
		EA84F24820C285BC0095C73C /* ViewController.swift in Sources */ = {isa = PBXBuildFile; fileRef = EA84F24720C285BC0095C73C /* ViewController.swift */; };
		EA84F24B20C285BC0095C73C /* Main.storyboard in Resources */ = {isa = PBXBuildFile; fileRef = EA84F24920C285BC0095C73C /* Main.storyboard */; };
		EA84F24D20C285BD0095C73C /* Assets.xcassets in Resources */ = {isa = PBXBuildFile; fileRef = EA84F24C20C285BD0095C73C /* Assets.xcassets */; };
		EA84F25020C285BD0095C73C /* LaunchScreen.storyboard in Resources */ = {isa = PBXBuildFile; fileRef = EA84F24E20C285BD0095C73C /* LaunchScreen.storyboard */; };
		EA84F25B20C285BD0095C73C /* webviewTests.swift in Sources */ = {isa = PBXBuildFile; fileRef = EA84F25A20C285BD0095C73C /* webviewTests.swift */; };
		EA84F26620C285BD0095C73C /* webviewUITests.swift in Sources */ = {isa = PBXBuildFile; fileRef = EA84F26520C285BD0095C73C /* webviewUITests.swift */; };
/* End PBXBuildFile section */

/* Begin PBXContainerItemProxy section */
		EA84F25720C285BD0095C73C /* PBXContainerItemProxy */ = {
			isa = PBXContainerItemProxy;
			containerPortal = EA84F23A20C285BB0095C73C /* Project object */;
			proxyType = 1;
			remoteGlobalIDString = EA84F24120C285BB0095C73C;
			remoteInfo = webview;
		};
		EA84F26220C285BD0095C73C /* PBXContainerItemProxy */ = {
			isa = PBXContainerItemProxy;
			containerPortal = EA84F23A20C285BB0095C73C /* Project object */;
			proxyType = 1;
			remoteGlobalIDString = EA84F24120C285BB0095C73C;
			remoteInfo = webview;
		};
/* End PBXContainerItemProxy section */

/* Begin PBXFileReference section */
		EA84F24220C285BB0095C73C /* webview.app */ = {isa = PBXFileReference; explicitFileType = wrapper.application; includeInIndex = 0; path = webview.app; sourceTree = BUILT_PRODUCTS_DIR; };
		EA84F24520C285BC0095C73C /* AppDelegate.swift */ = {isa = PBXFileReference; lastKnownFileType = sourcecode.swift; path = AppDelegate.swift; sourceTree = "<group>"; };
		EA84F24720C285BC0095C73C /* ViewController.swift */ = {isa = PBXFileReference; lastKnownFileType = sourcecode.swift; path = ViewController.swift; sourceTree = "<group>"; };
		EA84F24A20C285BC0095C73C /* Base */ = {isa = PBXFileReference; lastKnownFileType = file.storyboard; name = Base; path = Base.lproj/Main.storyboard; sourceTree = "<group>"; };
		EA84F24C20C285BD0095C73C /* Assets.xcassets */ = {isa = PBXFileReference; lastKnownFileType = folder.assetcatalog; path = Assets.xcassets; sourceTree = "<group>"; };
		EA84F24F20C285BD0095C73C /* Base */ = {isa = PBXFileReference; lastKnownFileType = file.storyboard; name = Base; path = Base.lproj/LaunchScreen.storyboard; sourceTree = "<group>"; };
		EA84F25120C285BD0095C73C /* Info.plist */ = {isa = PBXFileReference; lastKnownFileType = text.plist.xml; path = Info.plist; sourceTree = "<group>"; };
		EA84F25620C285BD0095C73C /* webviewTests.xctest */ = {isa = PBXFileReference; explicitFileType = wrapper.cfbundle; includeInIndex = 0; path = webviewTests.xctest; sourceTree = BUILT_PRODUCTS_DIR; };
		EA84F25A20C285BD0095C73C /* webviewTests.swift */ = {isa = PBXFileReference; lastKnownFileType = sourcecode.swift; path = webviewTests.swift; sourceTree = "<group>"; };
		EA84F25C20C285BD0095C73C /* Info.plist */ = {isa = PBXFileReference; lastKnownFileType = text.plist.xml; path = Info.plist; sourceTree = "<group>"; };
		EA84F26120C285BD0095C73C /* webviewUITests.xctest */ = {isa = PBXFileReference; explicitFileType = wrapper.cfbundle; includeInIndex = 0; path = webviewUITests.xctest; sourceTree = BUILT_PRODUCTS_DIR; };
		EA84F26520C285BD0095C73C /* webviewUITests.swift */ = {isa = PBXFileReference; lastKnownFileType = sourcecode.swift; path = webviewUITests.swift; sourceTree = "<group>"; };
		EA84F26720C285BD0095C73C /* Info.plist */ = {isa = PBXFileReference; lastKnownFileType = text.plist.xml; path = Info.plist; sourceTree = "<group>"; };
/* End PBXFileReference section */

/* Begin PBXFrameworksBuildPhase section */
		EA84F23F20C285BB0095C73C /* Frameworks */ = {
			isa = PBXFrameworksBuildPhase;
			buildActionMask = 2147483647;
			files = (
			);
			runOnlyForDeploymentPostprocessing = 0;
		};
		EA84F25320C285BD0095C73C /* Frameworks */ = {
			isa = PBXFrameworksBuildPhase;
			buildActionMask = 2147483647;
			files = (
			);
			runOnlyForDeploymentPostprocessing = 0;
		};
		EA84F25E20C285BD0095C73C /* Frameworks */ = {
			isa = PBXFrameworksBuildPhase;
			buildActionMask = 2147483647;
			files = (
			);
			runOnlyForDeploymentPostprocessing = 0;
		};
/* End PBXFrameworksBuildPhase section */

/* Begin PBXGroup section */
		EA84F23920C285BB0095C73C = {
			isa = PBXGroup;
			children = (
				EA84F24420C285BB0095C73C /* webview */,
				EA84F25920C285BD0095C73C /* webviewTests */,
				EA84F26420C285BD0095C73C /* webviewUITests */,
				EA84F24320C285BB0095C73C /* Products */,
			);
			sourceTree = "<group>";
		};
		EA84F24320C285BB0095C73C /* Products */ = {
			isa = PBXGroup;
			children = (
				EA84F24220C285BB0095C73C /* webview.app */,
				EA84F25620C285BD0095C73C /* webviewTests.xctest */,
				EA84F26120C285BD0095C73C /* webviewUITests.xctest */,
			);
			name = Products;
			sourceTree = "<group>";
		};
		EA84F24420C285BB0095C73C /* webview */ = {
			isa = PBXGroup;
			children = (
				EA84F24520C285BC0095C73C /* AppDelegate.swift */,
				EA84F24720C285BC0095C73C /* ViewController.swift */,
				EA84F24920C285BC0095C73C /* Main.storyboard */,
				EA84F24C20C285BD0095C73C /* Assets.xcassets */,
				EA84F24E20C285BD0095C73C /* LaunchScreen.storyboard */,
				EA84F25120C285BD0095C73C /* Info.plist */,
			);
			path = webview;
			sourceTree = "<group>";
		};
		EA84F25920C285BD0095C73C /* webviewTests */ = {
			isa = PBXGroup;
			children = (
				EA84F25A20C285BD0095C73C /* webviewTests.swift */,
				EA84F25C20C285BD0095C73C /* Info.plist */,
			);
			path = webviewTests;
			sourceTree = "<group>";
		};
		EA84F26420C285BD0095C73C /* webviewUITests */ = {
			isa = PBXGroup;
			children = (
				EA84F26520C285BD0095C73C /* webviewUITests.swift */,
				EA84F26720C285BD0095C73C /* Info.plist */,
			);
			path = webviewUITests;
			sourceTree = "<group>";
		};
/* End PBXGroup section */

/* Begin PBXNativeTarget section */
		EA84F24120C285BB0095C73C /* webview */ = {
			isa = PBXNativeTarget;
			buildConfigurationList = EA84F26A20C285BD0095C73C /* Build configuration list for PBXNativeTarget "webview" */;
			buildPhases = (
				EA84F23E20C285BB0095C73C /* Sources */,
				EA84F23F20C285BB0095C73C /* Frameworks */,
				EA84F24020C285BB0095C73C /* Resources */,
			);
			buildRules = (
			);
			dependencies = (
			);
			name = webview;
			productName = webview;
			productReference = EA84F24220C285BB0095C73C /* webview.app */;
			productType = "com.apple.product-type.application";
		};
		EA84F25520C285BD0095C73C /* webviewTests */ = {
			isa = PBXNativeTarget;
			buildConfigurationList = EA84F26D20C285BD0095C73C /* Build configuration list for PBXNativeTarget "webviewTests" */;
			buildPhases = (
				EA84F25220C285BD0095C73C /* Sources */,
				EA84F25320C285BD0095C73C /* Frameworks */,
				EA84F25420C285BD0095C73C /* Resources */,
			);
			buildRules = (
			);
			dependencies = (
				EA84F25820C285BD0095C73C /* PBXTargetDependency */,
			);
			name = webviewTests;
			productName = webviewTests;
			productReference = EA84F25620C285BD0095C73C /* webviewTests.xctest */;
			productType = "com.apple.product-type.bundle.unit-test";
		};
		EA84F26020C285BD0095C73C /* webviewUITests */ = {
			isa = PBXNativeTarget;
			buildConfigurationList = EA84F27020C285BD0095C73C /* Build configuration list for PBXNativeTarget "webviewUITests" */;
			buildPhases = (
				EA84F25D20C285BD0095C73C /* Sources */,
				EA84F25E20C285BD0095C73C /* Frameworks */,
				EA84F25F20C285BD0095C73C /* Resources */,
			);
			buildRules = (
			);
			dependencies = (
				EA84F26320C285BD0095C73C /* PBXTargetDependency */,
			);
			name = webviewUITests;
			productName = webviewUITests;
			productReference = EA84F26120C285BD0095C73C /* webviewUITests.xctest */;
			productType = "com.apple.product-type.bundle.ui-testing";
		};
/* End PBXNativeTarget section */

/* Begin PBXProject section */
		EA84F23A20C285BB0095C73C /* Project object */ = {
			isa = PBXProject;
			attributes = {
				LastSwiftUpdateCheck = 0930;
				LastUpgradeCheck = 0930;
				ORGANIZATIONNAME = "Arpa Barua";
				TargetAttributes = {
					EA84F24120C285BB0095C73C = {
						CreatedOnToolsVersion = 9.3;
					};
					EA84F25520C285BD0095C73C = {
						CreatedOnToolsVersion = 9.3;
						TestTargetID = EA84F24120C285BB0095C73C;
					};
					EA84F26020C285BD0095C73C = {
						CreatedOnToolsVersion = 9.3;
						TestTargetID = EA84F24120C285BB0095C73C;
					};
				};
			};
			buildConfigurationList = EA84F23D20C285BB0095C73C /* Build configuration list for PBXProject "webview" */;
			compatibilityVersion = "Xcode 9.3";
			developmentRegion = en;
			hasScannedForEncodings = 0;
			knownRegions = (
				en,
				Base,
			);
			mainGroup = EA84F23920C285BB0095C73C;
			productRefGroup = EA84F24320C285BB0095C73C /* Products */;
			projectDirPath = "";
			projectRoot = "";
			targets = (
				EA84F24120C285BB0095C73C /* webview */,
				EA84F25520C285BD0095C73C /* webviewTests */,
				EA84F26020C285BD0095C73C /* webviewUITests */,
			);
		};
/* End PBXProject section */

/* Begin PBXResourcesBuildPhase section */
		EA84F24020C285BB0095C73C /* Resources */ = {
			isa = PBXResourcesBuildPhase;
			buildActionMask = 2147483647;
			files = (
				EA84F25020C285BD0095C73C /* LaunchScreen.storyboard in Resources */,
				EA84F24D20C285BD0095C73C /* Assets.xcassets in Resources */,
				EA84F24B20C285BC0095C73C /* Main.storyboard in Resources */,
			);
			runOnlyForDeploymentPostprocessing = 0;
		};
		EA84F25420C285BD0095C73C /* Resources */ = {
			isa = PBXResourcesBuildPhase;
			buildActionMask = 2147483647;
			files = (
			);
			runOnlyForDeploymentPostprocessing = 0;
		};
		EA84F25F20C285BD0095C73C /* Resources */ = {
			isa = PBXResourcesBuildPhase;
			buildActionMask = 2147483647;
			files = (
			);
			runOnlyForDeploymentPostprocessing = 0;
		};
/* End PBXResourcesBuildPhase section */

/* Begin PBXSourcesBuildPhase section */
		EA84F23E20C285BB0095C73C /* Sources */ = {
			isa = PBXSourcesBuildPhase;
			buildActionMask = 2147483647;
			files = (
				EA84F24820C285BC0095C73C /* ViewController.swift in Sources */,
				EA84F24620C285BC0095C73C /* AppDelegate.swift in Sources */,
			);
			runOnlyForDeploymentPostprocessing = 0;
		};
		EA84F25220C285BD0095C73C /* Sources */ = {
			isa = PBXSourcesBuildPhase;
			buildActionMask = 2147483647;
			files = (
				EA84F25B20C285BD0095C73C /* webviewTests.swift in Sources */,
			);
			runOnlyForDeploymentPostprocessing = 0;
		};
		EA84F25D20C285BD0095C73C /* Sources */ = {
			isa = PBXSourcesBuildPhase;
			buildActionMask = 2147483647;
			files = (
				EA84F26620C285BD0095C73C /* webviewUITests.swift in Sources */,
			);
			runOnlyForDeploymentPostprocessing = 0;
		};
/* End PBXSourcesBuildPhase section */

/* Begin PBXTargetDependency section */
		EA84F25820C285BD0095C73C /* PBXTargetDependency */ = {
			isa = PBXTargetDependency;
			target = EA84F24120C285BB0095C73C /* webview */;
			targetProxy = EA84F25720C285BD0095C73C /* PBXContainerItemProxy */;
		};
		EA84F26320C285BD0095C73C /* PBXTargetDependency */ = {
			isa = PBXTargetDependency;
			target = EA84F24120C285BB0095C73C /* webview */;
			targetProxy = EA84F26220C285BD0095C73C /* PBXContainerItemProxy */;
		};
/* End PBXTargetDependency section */

/* Begin PBXVariantGroup section */
		EA84F24920C285BC0095C73C /* Main.storyboard */ = {
			isa = PBXVariantGroup;
			children = (
				EA84F24A20C285BC0095C73C /* Base */,
			);
			name = Main.storyboard;
			sourceTree = "<group>";
		};
		EA84F24E20C285BD0095C73C /* LaunchScreen.storyboard */ = {
			isa = PBXVariantGroup;
			children = (
				EA84F24F20C285BD0095C73C /* Base */,
			);
			name = LaunchScreen.storyboard;
			sourceTree = "<group>";
		};
/* End PBXVariantGroup section */

/* Begin XCBuildConfiguration section */
		EA84F26820C285BD0095C73C /* Debug */ = {
			isa = XCBuildConfiguration;
			buildSettings = {
				ALWAYS_SEARCH_USER_PATHS = NO;
				CLANG_ANALYZER_NONNULL = YES;
				CLANG_ANALYZER_NUMBER_OBJECT_CONVERSION = YES_AGGRESSIVE;
				CLANG_CXX_LANGUAGE_STANDARD = "gnu++14";
				CLANG_CXX_LIBRARY = "libc++";
				CLANG_ENABLE_MODULES = YES;
				CLANG_ENABLE_OBJC_ARC = YES;
				CLANG_ENABLE_OBJC_WEAK = YES;
				CLANG_WARN_BLOCK_CAPTURE_AUTORELEASING = YES;
				CLANG_WARN_BOOL_CONVERSION = YES;
				CLANG_WARN_COMMA = YES;
				CLANG_WARN_CONSTANT_CONVERSION = YES;
				CLANG_WARN_DEPRECATED_OBJC_IMPLEMENTATIONS = YES;
				CLANG_WARN_DIRECT_OBJC_ISA_USAGE = YES_ERROR;
				CLANG_WARN_DOCUMENTATION_COMMENTS = YES;
				CLANG_WARN_EMPTY_BODY = YES;
				CLANG_WARN_ENUM_CONVERSION = YES;
				CLANG_WARN_INFINITE_RECURSION = YES;
				CLANG_WARN_INT_CONVERSION = YES;
				CLANG_WARN_NON_LITERAL_NULL_CONVERSION = YES;
				CLANG_WARN_OBJC_IMPLICIT_RETAIN_SELF = YES;
				CLANG_WARN_OBJC_LITERAL_CONVERSION = YES;
				CLANG_WARN_OBJC_ROOT_CLASS = YES_ERROR;
				CLANG_WARN_RANGE_LOOP_ANALYSIS = YES;
				CLANG_WARN_STRICT_PROTOTYPES = YES;
				CLANG_WARN_SUSPICIOUS_MOVE = YES;
				CLANG_WARN_UNGUARDED_AVAILABILITY = YES_AGGRESSIVE;
				CLANG_WARN_UNREACHABLE_CODE = YES;
				CLANG_WARN__DUPLICATE_METHOD_MATCH = YES;
				CODE_SIGN_IDENTITY = "iPhone Developer";
				COPY_PHASE_STRIP = NO;
				DEBUG_INFORMATION_FORMAT = dwarf;
				ENABLE_STRICT_OBJC_MSGSEND = YES;
				ENABLE_TESTABILITY = YES;
				GCC_C_LANGUAGE_STANDARD = gnu11;
				GCC_DYNAMIC_NO_PIC = NO;
				GCC_NO_COMMON_BLOCKS = YES;
				GCC_OPTIMIZATION_LEVEL = 0;
				GCC_PREPROCESSOR_DEFINITIONS = (
					"DEBUG=1",
					"$(inherited)",
				);
				GCC_WARN_64_TO_32_BIT_CONVERSION = YES;
				GCC_WARN_ABOUT_RETURN_TYPE = YES_ERROR;
				GCC_WARN_UNDECLARED_SELECTOR = YES;
				GCC_WARN_UNINITIALIZED_AUTOS = YES_AGGRESSIVE;
				GCC_WARN_UNUSED_FUNCTION = YES;
				GCC_WARN_UNUSED_VARIABLE = YES;
				IPHONEOS_DEPLOYMENT_TARGET = 11.3;
				MTL_ENABLE_DEBUG_INFO = YES;
				ONLY_ACTIVE_ARCH = YES;
				SDKROOT = iphoneos;
				SWIFT_ACTIVE_COMPILATION_CONDITIONS = DEBUG;
				SWIFT_OPTIMIZATION_LEVEL = "-Onone";
			};
			name = Debug;
		};
		EA84F26920C285BD0095C73C /* Release */ = {
			isa = XCBuildConfiguration;
			buildSettings = {
				ALWAYS_SEARCH_USER_PATHS = NO;
				CLANG_ANALYZER_NONNULL = YES;
				CLANG_ANALYZER_NUMBER_OBJECT_CONVERSION = YES_AGGRESSIVE;
				CLANG_CXX_LANGUAGE_STANDARD = "gnu++14";
				CLANG_CXX_LIBRARY = "libc++";
				CLANG_ENABLE_MODULES = YES;
				CLANG_ENABLE_OBJC_ARC = YES;
				CLANG_ENABLE_OBJC_WEAK = YES;
				CLANG_WARN_BLOCK_CAPTURE_AUTORELEASING = YES;
				CLANG_WARN_BOOL_CONVERSION = YES;
				CLANG_WARN_COMMA = YES;
				CLANG_WARN_CONSTANT_CONVERSION = YES;
				CLANG_WARN_DEPRECATED_OBJC_IMPLEMENTATIONS = YES;
				CLANG_WARN_DIRECT_OBJC_ISA_USAGE = YES_ERROR;
				CLANG_WARN_DOCUMENTATION_COMMENTS = YES;
				CLANG_WARN_EMPTY_BODY = YES;
				CLANG_WARN_ENUM_CONVERSION = YES;
				CLANG_WARN_INFINITE_RECURSION = YES;
				CLANG_WARN_INT_CONVERSION = YES;
				CLANG_WARN_NON_LITERAL_NULL_CONVERSION = YES;
				CLANG_WARN_OBJC_IMPLICIT_RETAIN_SELF = YES;
				CLANG_WARN_OBJC_LITERAL_CONVERSION = YES;
				CLANG_WARN_OBJC_ROOT_CLASS = YES_ERROR;
				CLANG_WARN_RANGE_LOOP_ANALYSIS = YES;
				CLANG_WARN_STRICT_PROTOTYPES = YES;
				CLANG_WARN_SUSPICIOUS_MOVE = YES;
				CLANG_WARN_UNGUARDED_AVAILABILITY = YES_AGGRESSIVE;
				CLANG_WARN_UNREACHABLE_CODE = YES;
				CLANG_WARN__DUPLICATE_METHOD_MATCH = YES;
				CODE_SIGN_IDENTITY = "iPhone Developer";
				COPY_PHASE_STRIP = NO;
				DEBUG_INFORMATION_FORMAT = "dwarf-with-dsym";
				ENABLE_NS_ASSERTIONS = NO;
				ENABLE_STRICT_OBJC_MSGSEND = YES;
				GCC_C_LANGUAGE_STANDARD = gnu11;
				GCC_NO_COMMON_BLOCKS = YES;
				GCC_WARN_64_TO_32_BIT_CONVERSION = YES;
				GCC_WARN_ABOUT_RETURN_TYPE = YES_ERROR;
				GCC_WARN_UNDECLARED_SELECTOR = YES;
				GCC_WARN_UNINITIALIZED_AUTOS = YES_AGGRESSIVE;
				GCC_WARN_UNUSED_FUNCTION = YES;
				GCC_WARN_UNUSED_VARIABLE = YES;
				IPHONEOS_DEPLOYMENT_TARGET = 11.3;
				MTL_ENABLE_DEBUG_INFO = NO;
				SDKROOT = iphoneos;
				SWIFT_COMPILATION_MODE = wholemodule;
				SWIFT_OPTIMIZATION_LEVEL = "-O";
				VALIDATE_PRODUCT = YES;
			};
			name = Release;
		};
		EA84F26B20C285BD0095C73C /* Debug */ = {
			isa = XCBuildConfiguration;
			buildSettings = {
				ASSETCATALOG_COMPILER_APPICON_NAME = AppIcon;
				CODE_SIGN_STYLE = Automatic;
				INFOPLIST_FILE = webview/Info.plist;
				LD_RUNPATH_SEARCH_PATHS = (
					"$(inherited)",
					"@executable_path/Frameworks",
				);
				PRODUCT_BUNDLE_IDENTIFIER = com.arpa.webview;
				PRODUCT_NAME = "$(TARGET_NAME)";
				SWIFT_VERSION = 4.0;
				TARGETED_DEVICE_FAMILY = "1,2";
			};
			name = Debug;
		};
		EA84F26C20C285BD0095C73C /* Release */ = {
			isa = XCBuildConfiguration;
			buildSettings = {
				ASSETCATALOG_COMPILER_APPICON_NAME = AppIcon;
				CODE_SIGN_STYLE = Automatic;
				INFOPLIST_FILE = webview/Info.plist;
				LD_RUNPATH_SEARCH_PATHS = (
					"$(inherited)",
					"@executable_path/Frameworks",
				);
				PRODUCT_BUNDLE_IDENTIFIER = com.arpa.webview;
				PRODUCT_NAME = "$(TARGET_NAME)";
				SWIFT_VERSION = 4.0;
				TARGETED_DEVICE_FAMILY = "1,2";
			};
			name = Release;
		};
		EA84F26E20C285BD0095C73C /* Debug */ = {
			isa = XCBuildConfiguration;
			buildSettings = {
				ALWAYS_EMBED_SWIFT_STANDARD_LIBRARIES = YES;
				BUNDLE_LOADER = "$(TEST_HOST)";
				CODE_SIGN_STYLE = Automatic;
				INFOPLIST_FILE = webviewTests/Info.plist;
				LD_RUNPATH_SEARCH_PATHS = (
					"$(inherited)",
					"@executable_path/Frameworks",
					"@loader_path/Frameworks",
				);
				PRODUCT_BUNDLE_IDENTIFIER = com.arpa.webviewTests;
				PRODUCT_NAME = "$(TARGET_NAME)";
				SWIFT_VERSION = 4.0;
				TARGETED_DEVICE_FAMILY = "1,2";
				TEST_HOST = "$(BUILT_PRODUCTS_DIR)/webview.app/webview";
			};
			name = Debug;
		};
		EA84F26F20C285BD0095C73C /* Release */ = {
			isa = XCBuildConfiguration;
			buildSettings = {
				ALWAYS_EMBED_SWIFT_STANDARD_LIBRARIES = YES;
				BUNDLE_LOADER = "$(TEST_HOST)";
				CODE_SIGN_STYLE = Automatic;
				INFOPLIST_FILE = webviewTests/Info.plist;
				LD_RUNPATH_SEARCH_PATHS = (
					"$(inherited)",
					"@executable_path/Frameworks",
					"@loader_path/Frameworks",
				);
				PRODUCT_BUNDLE_IDENTIFIER = com.arpa.webviewTests;
				PRODUCT_NAME = "$(TARGET_NAME)";
				SWIFT_VERSION = 4.0;
				TARGETED_DEVICE_FAMILY = "1,2";
				TEST_HOST = "$(BUILT_PRODUCTS_DIR)/webview.app/webview";
			};
			name = Release;
		};
		EA84F27120C285BD0095C73C /* Debug */ = {
			isa = XCBuildConfiguration;
			buildSettings = {
				ALWAYS_EMBED_SWIFT_STANDARD_LIBRARIES = YES;
				CODE_SIGN_STYLE = Automatic;
				INFOPLIST_FILE = webviewUITests/Info.plist;
				LD_RUNPATH_SEARCH_PATHS = (
					"$(inherited)",
					"@executable_path/Frameworks",
					"@loader_path/Frameworks",
				);
				PRODUCT_BUNDLE_IDENTIFIER = com.arpa.webviewUITests;
				PRODUCT_NAME = "$(TARGET_NAME)";
				SWIFT_VERSION = 4.0;
				TARGETED_DEVICE_FAMILY = "1,2";
				TEST_TARGET_NAME = webview;
			};
			name = Debug;
		};
		EA84F27220C285BD0095C73C /* Release */ = {
			isa = XCBuildConfiguration;
			buildSettings = {
				ALWAYS_EMBED_SWIFT_STANDARD_LIBRARIES = YES;
				CODE_SIGN_STYLE = Automatic;
				INFOPLIST_FILE = webviewUITests/Info.plist;
				LD_RUNPATH_SEARCH_PATHS = (
					"$(inherited)",
					"@executable_path/Frameworks",
					"@loader_path/Frameworks",
				);
				PRODUCT_BUNDLE_IDENTIFIER = com.arpa.webviewUITests;
				PRODUCT_NAME = "$(TARGET_NAME)";
				SWIFT_VERSION = 4.0;
				TARGETED_DEVICE_FAMILY = "1,2";
				TEST_TARGET_NAME = webview;
			};
			name = Release;
		};
/* End XCBuildConfiguration section */

/* Begin XCConfigurationList section */
		EA84F23D20C285BB0095C73C /* Build configuration list for PBXProject "webview" */ = {
			isa = XCConfigurationList;
			buildConfigurations = (
				EA84F26820C285BD0095C73C /* Debug */,
				EA84F26920C285BD0095C73C /* Release */,
			);
			defaultConfigurationIsVisible = 0;
			defaultConfigurationName = Release;
		};
		EA84F26A20C285BD0095C73C /* Build configuration list for PBXNativeTarget "webview" */ = {
			isa = XCConfigurationList;
			buildConfigurations = (
				EA84F26B20C285BD0095C73C /* Debug */,
				EA84F26C20C285BD0095C73C /* Release */,
			);
			defaultConfigurationIsVisible = 0;
			defaultConfigurationName = Release;
		};
		EA84F26D20C285BD0095C73C /* Build configuration list for PBXNativeTarget "webviewTests" */ = {
			isa = XCConfigurationList;
			buildConfigurations = (
				EA84F26E20C285BD0095C73C /* Debug */,
				EA84F26F20C285BD0095C73C /* Release */,
			);
			defaultConfigurationIsVisible = 0;
			defaultConfigurationName = Release;
		};
		EA84F27020C285BD0095C73C /* Build configuration list for PBXNativeTarget "webviewUITests" */ = {
			isa = XCConfigurationList;
			buildConfigurations = (
				EA84F27120C285BD0095C73C /* Debug */,
				EA84F27220C285BD0095C73C /* Release */,
			);
			defaultConfigurationIsVisible = 0;
			defaultConfigurationName = Release;
		};
/* End XCConfigurationList section */
	};
	rootObject = EA84F23A20C285BB0095C73C /* Project object */;
}
